
Microsoft Visual Studio Solution File, Format Version 12.00
# Visual Studio Version 16
VisualStudioVersion = 16.0.29911.84
MinimumVisualStudioVersion = 10.0.40219.1
Project("{FAE04EC0-301F-11D3-BF4B-00C04F79EFBC}") = "selenium_472", "selenium_472\selenium_472.csproj", "{2851AADE-C9D5-45E4-A451-481C1D796621}"
EndProject
Global
	GlobalSection(SolutionConfigurationPlatforms) = preSolution
		Debug|Any CPU = Debug|Any CPU
		Release|Any CPU = Release|Any CPU
	EndGlobalSection
	GlobalSection(ProjectConfigurationPlatforms) = postSolution
		{2851AADE-C9D5-45E4-A451-481C1D796621}.Debug|Any CPU.ActiveCfg = Debug|Any CPU
		{2851AADE-C9D5-45E4-A451-481C1D796621}.Debug|Any CPU.Build.0 = Debug|Any CPU
		{2851AADE-C9D5-45E4-A451-481C1D796621}.Release|Any CPU.ActiveCfg = Release|Any CPU
		{2851AADE-C9D5-45E4-A451-481C1D796621}.Release|Any CPU.Build.0 = Release|Any CPU
	EndGlobalSection
	GlobalSection(SolutionProperties) = preSolution
		HideSolutionNode = FALSE
	EndGlobalSection
	GlobalSection(ExtensibilityGlobals) = postSolution
		SolutionGuid = {354E66EC-1F42-4455-BC57-41F175849E06}
	EndGlobalSection
EndGlobal
